// !$*UTF8*$!
{
	archiveVersion = 1;
	classes = {
	};
	objectVersion = 77;
	objects = {

/* Begin PBXFileReference section */
		65C8348B2FF416BC00B2355C /* app.py */ = {isa = PBXFileReference; lastKnownFileType = text.script.python; path = app.py; sourceTree = "<group>"; };
		65C8348C2FF416BC00B2355C /* style.css */ = {isa = PBXFileReference; lastKnownFileType = text.css; path = style.css; sourceTree = "<group>"; };
		65C8348E2FF416BC00B2355C /* pdf.mjs */ = {isa = PBXFileReference; lastKnownFileType = text; path = pdf.mjs; sourceTree = "<group>"; };
		65C8348F2FF416BC00B2355C /* pdf.worker.mjs */ = {isa = PBXFileReference; lastKnownFileType = text; path = pdf.worker.mjs; sourceTree = "<group>"; };
		65C834902FF416BC00B2355C /* viewer.js */ = {isa = PBXFileReference; lastKnownFileType = sourcecode.javascript; path = viewer.js; sourceTree = "<group>"; };
		65C834952FF416BC00B2355C /* dashboard.html */ = {isa = PBXFileReference; lastKnownFileType = text.html; path = dashboard.html; sourceTree = "<group>"; };
		65C834962FF416BC00B2355C /* viewer.html */ = {isa = PBXFileReference; lastKnownFileType = text.html; path = viewer.html; sourceTree = "<group>"; };
		65C834992FF65F9100B2355C /* KS3textbook.pdf */ = {isa = PBXFileReference; lastKnownFileType = image.pdf; path = KS3textbook.pdf; sourceTree = "<group>"; };
/* End PBXFileReference section */

/* Begin PBXGroup section */
		65C834802FF416AB00B2355C = {
			isa = PBXGroup;
			children = (
				65C8348B2FF416BC00B2355C /* app.py */,
				65C834942FF416BC00B2355C /* static */,
				65C834972FF416BC00B2355C /* templates */,
			);
			sourceTree = "<group>";
		};
		65C8348D2FF416BC00B2355C /* css */ = {
			isa = PBXGroup;
			children = (
				65C8348C2FF416BC00B2355C /* style.css */,
			);
			path = css;
			sourceTree = "<group>";
		};
		65C834912FF416BC00B2355C /* js */ = {
			isa = PBXGroup;
			children = (
				65C8348E2FF416BC00B2355C /* pdf.mjs */,
				65C8348F2FF416BC00B2355C /* pdf.worker.mjs */,
				65C834902FF416BC00B2355C /* viewer.js */,
			);
			path = js;
			sourceTree = "<group>";
		};
		65C834932FF416BC00B2355C /* lesson_notes */ = {
			isa = PBXGroup;
			children = (
				65C834992FF65F9100B2355C /* KS3textbook.pdf */,
			);
			path = lesson_notes;
			sourceTree = "<group>";
		};
		65C834942FF416BC00B2355C /* static */ = {
			isa = PBXGroup;
			children = (
				65C8348D2FF416BC00B2355C /* css */,
				65C834912FF416BC00B2355C /* js */,
				65C834932FF416BC00B2355C /* lesson_notes */,
			);
			path = static;
			sourceTree = "<group>";
		};
		65C834972FF416BC00B2355C /* templates */ = {
			isa = PBXGroup;
			children = (
				65C834952FF416BC00B2355C /* dashboard.html */,
				65C834962FF416BC00B2355C /* viewer.html */,
			);
			path = templates;
			sourceTree = "<group>";
		};
/* End PBXGroup section */

/* Begin PBXLegacyTarget section */
		65C834852FF416AB00B2355C /* BookReader */ = {
			isa = PBXLegacyTarget;
			buildArgumentsString = "$(ACTION)";
			buildConfigurationList = 65C834882FF416AB00B2355C /* Build configuration list for PBXLegacyTarget "BookReader" */;
			buildPhases = (
			);
			buildToolPath = /opt/homebrew/bin/python3;
			dependencies = (
			);
			name = BookReader;
			packageProductDependencies = (
			);
			passBuildSettingsInEnvironment = 1;
			productName = BookReader;
		};
/* End PBXLegacyTarget section */

/* Begin PBXProject section */
		65C834812FF416AB00B2355C /* Project object */ = {
			isa = PBXProject;
			attributes = {
				BuildIndependentTargetsInParallel = 1;
				LastUpgradeCheck = 2660;
				TargetAttributes = {
					65C834852FF416AB00B2355C = {
						CreatedOnToolsVersion = 26.6;
					};
				};
			};
			buildConfigurationList = 65C834842FF416AB00B2355C /* Build configuration list for PBXProject "BookReader" */;
			developmentRegion = en;
			hasScannedForEncodings = 0;
			knownRegions = (
				en,
				Base,
			);
			mainGroup = 65C834802FF416AB00B2355C;
			minimizedProjectReferenceProxies = 1;
			preferredProjectObjectVersion = 77;
			projectDirPath = "";
			projectRoot = "";
			targets = (
				65C834852FF416AB00B2355C /* BookReader */,
			);
		};
/* End PBXProject section */

/* Begin XCBuildConfiguration section */
		65C834862FF416AB00B2355C /* Debug */ = {
			isa = XCBuildConfiguration;
			buildSettings = {
				ALWAYS_SEARCH_USER_PATHS = NO;
				ASSETCATALOG_COMPILER_GENERATE_SWIFT_ASSET_SYMBOL_EXTENSIONS = YES;
				CLANG_ANALYZER_NONNULL = YES;
				CLANG_ANALYZER_NUMBER_OBJECT_CONVERSION = YES_AGGRESSIVE;
				CLANG_CXX_LANGUAGE_STANDARD = "gnu++20";
				CLANG_ENABLE_MODULES = YES;
				CLANG_ENABLE_OBJC_ARC = YES;
				CLANG_ENABLE_OBJC_WEAK = YES;
				CLANG_WARN_BLOCK_CAPTURE_AUTORELEASING = YES;
				CLANG_WARN_BOOL_CONVERSION = YES;
				CLANG_WARN_COMMA = YES;
				CLANG_WARN_CONSTANT_CONVERSION = YES;
				CLANG_WARN_DEPRECATED_OBJC_IMPLEMENTATIONS = YES;
				CLANG_WARN_DIRECT_OBJC_ISA_USAGE = YES_ERROR;
				CLANG_WARN_DOCUMENTATION_COMMENTS = YES;
				CLANG_WARN_EMPTY_BODY = YES;
				CLANG_WARN_ENUM_CONVERSION = YES;
				CLANG_WARN_INFINITE_RECURSION = YES;
				CLANG_WARN_INT_CONVERSION = YES;
				CLANG_WARN_NON_LITERAL_NULL_CONVERSION = YES;
				CLANG_WARN_OBJC_IMPLICIT_RETAIN_SELF = YES;
				CLANG_WARN_OBJC_LITERAL_CONVERSION = YES;
				CLANG_WARN_OBJC_ROOT_CLASS = YES_ERROR;
				CLANG_WARN_QUOTED_INCLUDE_IN_FRAMEWORK_HEADER = YES;
				CLANG_WARN_RANGE_LOOP_ANALYSIS = YES;
				CLANG_WARN_STRICT_PROTOTYPES = YES;
				CLANG_WARN_SUSPICIOUS_MOVE = YES;
				CLANG_WARN_UNGUARDED_AVAILABILITY = YES_AGGRESSIVE;
				CLANG_WARN_UNREACHABLE_CODE = YES;
				CLANG_WARN__DUPLICATE_METHOD_MATCH = YES;
				COPY_PHASE_STRIP = NO;
				DEBUG_INFORMATION_FORMAT = dwarf;
				DEVELOPMENT_TEAM = YLS96DEQ46;
				ENABLE_STRICT_OBJC_MSGSEND = YES;
				ENABLE_TESTABILITY = YES;
				ENABLE_USER_SCRIPT_SANDBOXING = YES;
				GCC_C_LANGUAGE_STANDARD = gnu17;
				GCC_DYNAMIC_NO_PIC = NO;
				GCC_NO_COMMON_BLOCKS = YES;
				GCC_OPTIMIZATION_LEVEL = 0;
				GCC_PREPROCESSOR_DEFINITIONS = (
					"DEBUG=1",
					"$(inherited)",
				);
				GCC_WARN_64_TO_32_BIT_CONVERSION = YES;
				GCC_WARN_ABOUT_RETURN_TYPE = YES_ERROR;
				GCC_WARN_UNDECLARED_SELECTOR = YES;
				GCC_WARN_UNINITIALIZED_AUTOS = YES_AGGRESSIVE;
				GCC_WARN_UNUSED_FUNCTION = YES;
				GCC_WARN_UNUSED_VARIABLE = YES;
				LOCALIZATION_PREFERS_STRING_CATALOGS = YES;
				MTL_ENABLE_DEBUG_INFO = INCLUDE_SOURCE;
				MTL_FAST_MATH = YES;
				ONLY_ACTIVE_ARCH = YES;
			};
			name = Debug;
		};
		65C834872FF416AB00B2355C /* Release */ = {
			isa = XCBuildConfiguration;
			buildSettings = {
				ALWAYS_SEARCH_USER_PATHS = NO;
				ASSETCATALOG_COMPILER_GENERATE_SWIFT_ASSET_SYMBOL_EXTENSIONS = YES;
				CLANG_ANALYZER_NONNULL = YES;
				CLANG_ANALYZER_NUMBER_OBJECT_CONVERSION = YES_AGGRESSIVE;
				CLANG_CXX_LANGUAGE_STANDARD = "gnu++20";
				CLANG_ENABLE_MODULES = YES;
				CLANG_ENABLE_OBJC_ARC = YES;
				CLANG_ENABLE_OBJC_WEAK = YES;
				CLANG_WARN_BLOCK_CAPTURE_AUTORELEASING = YES;
				CLANG_WARN_BOOL_CONVERSION = YES;
				CLANG_WARN_COMMA = YES;
				CLANG_WARN_CONSTANT_CONVERSION = YES;
				CLANG_WARN_DEPRECATED_OBJC_IMPLEMENTATIONS = YES;
				CLANG_WARN_DIRECT_OBJC_ISA_USAGE = YES_ERROR;
				CLANG_WARN_DOCUMENTATION_COMMENTS = YES;
				CLANG_WARN_EMPTY_BODY = YES;
				CLANG_WARN_ENUM_CONVERSION = YES;
				CLANG_WARN_INFINITE_RECURSION = YES;
				CLANG_WARN_INT_CONVERSION = YES;
				CLANG_WARN_NON_LITERAL_NULL_CONVERSION = YES;
				CLANG_WARN_OBJC_IMPLICIT_RETAIN_SELF = YES;
				CLANG_WARN_OBJC_LITERAL_CONVERSION = YES;
				CLANG_WARN_OBJC_ROOT_CLASS = YES_ERROR;
				CLANG_WARN_QUOTED_INCLUDE_IN_FRAMEWORK_HEADER = YES;
				CLANG_WARN_RANGE_LOOP_ANALYSIS = YES;
				CLANG_WARN_STRICT_PROTOTYPES = YES;
				CLANG_WARN_SUSPICIOUS_MOVE = YES;
				CLANG_WARN_UNGUARDED_AVAILABILITY = YES_AGGRESSIVE;
				CLANG_WARN_UNREACHABLE_CODE = YES;
				CLANG_WARN__DUPLICATE_METHOD_MATCH = YES;
				COPY_PHASE_STRIP = NO;
				DEBUG_INFORMATION_FORMAT = "dwarf-with-dsym";
				DEVELOPMENT_TEAM = YLS96DEQ46;
				ENABLE_NS_ASSERTIONS = NO;
				ENABLE_STRICT_OBJC_MSGSEND = YES;
				ENABLE_USER_SCRIPT_SANDBOXING = YES;
				GCC_C_LANGUAGE_STANDARD = gnu17;
				GCC_NO_COMMON_BLOCKS = YES;
				GCC_WARN_64_TO_32_BIT_CONVERSION = YES;
				GCC_WARN_ABOUT_RETURN_TYPE = YES_ERROR;
				GCC_WARN_UNDECLARED_SELECTOR = YES;
				GCC_WARN_UNINITIALIZED_AUTOS = YES_AGGRESSIVE;
				GCC_WARN_UNUSED_FUNCTION = YES;
				GCC_WARN_UNUSED_VARIABLE = YES;
				LOCALIZATION_PREFERS_STRING_CATALOGS = YES;
				MTL_ENABLE_DEBUG_INFO = NO;
				MTL_FAST_MATH = YES;
			};
			name = Release;
		};
		65C834892FF416AB00B2355C /* Debug */ = {
			isa = XCBuildConfiguration;
			buildSettings = {
				CODE_SIGN_STYLE = Automatic;
				DEBUGGING_SYMBOLS = YES;
				DEBUG_INFORMATION_FORMAT = dwarf;
				DEVELOPMENT_TEAM = YLS96DEQ46;
				GCC_GENERATE_DEBUGGING_SYMBOLS = YES;
				GCC_OPTIMIZATION_LEVEL = 0;
				OTHER_CFLAGS = "";
				OTHER_LDFLAGS = "";
				PRODUCT_NAME = "$(TARGET_NAME)";
			};
			name = Debug;
		};
		65C8348A2FF416AB00B2355C /* Release */ = {
			isa = XCBuildConfiguration;
			buildSettings = {
				CODE_SIGN_STYLE = Automatic;
				DEBUG_INFORMATION_FORMAT = "dwarf-with-dsym";
				DEVELOPMENT_TEAM = YLS96DEQ46;
				OTHER_CFLAGS = "";
				OTHER_LDFLAGS = "";
				PRODUCT_NAME = "$(TARGET_NAME)";
			};
			name = Release;
		};
/* End XCBuildConfiguration section */

/* Begin XCConfigurationList section */
		65C834842FF416AB00B2355C /* Build configuration list for PBXProject "BookReader" */ = {
			isa = XCConfigurationList;
			buildConfigurations = (
				65C834862FF416AB00B2355C /* Debug */,
				65C834872FF416AB00B2355C /* Release */,
			);
			defaultConfigurationIsVisible = 0;
			defaultConfigurationName = Release;
		};
		65C834882FF416AB00B2355C /* Build configuration list for PBXLegacyTarget "BookReader" */ = {
			isa = XCConfigurationList;
			buildConfigurations = (
				65C834892FF416AB00B2355C /* Debug */,
				65C8348A2FF416AB00B2355C /* Release */,
			);
			defaultConfigurationIsVisible = 0;
			defaultConfigurationName = Release;
		};
/* End XCConfigurationList section */
	};
	rootObject = 65C834812FF416AB00B2355C /* Project object */;
}
